// !$*UTF8*$!
{
	archiveVersion = 1;
	classes = {
	};
	objectVersion = 46;
	objects = {

/* Begin PBXBuildFile section */
		70AF40691EF68EE0001A9665 /* Podfile in Resources */ = {isa = PBXBuildFile; fileRef = 70AF40681EF68EE0001A9665 /* Podfile */; };
		A41E3258915C8E0EE3F98C63 /* libPods-WeizeZnacht.a in Frameworks */ = {isa = PBXBuildFile; fileRef = 916BCC7BC92E81C17074E796 /* libPods-WeizeZnacht.a */; };
		A9BE5BB91EF6856200B47EF1 /* AppDelegate.swift in Sources */ = {isa = PBXBuildFile; fileRef = A9BE5BB81EF6856200B47EF1 /* AppDelegate.swift */; };
		A9BE5BBB1EF6856200B47EF1 /* FirstViewController.swift in Sources */ = {isa = PBXBuildFile; fileRef = A9BE5BBA1EF6856200B47EF1 /* FirstViewController.swift */; };
		A9BE5BBD1EF6856200B47EF1 /* SecondViewController.swift in Sources */ = {isa = PBXBuildFile; fileRef = A9BE5BBC1EF6856200B47EF1 /* SecondViewController.swift */; };
		A9BE5BC01EF6856200B47EF1 /* Main.storyboard in Resources */ = {isa = PBXBuildFile; fileRef = A9BE5BBE1EF6856200B47EF1 /* Main.storyboard */; };
		A9BE5BC21EF6856200B47EF1 /* Assets.xcassets in Resources */ = {isa = PBXBuildFile; fileRef = A9BE5BC11EF6856200B47EF1 /* Assets.xcassets */; };
		A9BE5BC51EF6856200B47EF1 /* LaunchScreen.storyboard in Resources */ = {isa = PBXBuildFile; fileRef = A9BE5BC31EF6856200B47EF1 /* LaunchScreen.storyboard */; };
/* End PBXBuildFile section */

/* Begin PBXFileReference section */
		70AF40681EF68EE0001A9665 /* Podfile */ = {isa = PBXFileReference; fileEncoding = 4; lastKnownFileType = text; path = Podfile; sourceTree = "<group>"; };
		804FC81FDCD8D1E2386B4AF7 /* Pods-WeizeZnacht.debug.xcconfig */ = {isa = PBXFileReference; includeInIndex = 1; lastKnownFileType = text.xcconfig; name = "Pods-WeizeZnacht.debug.xcconfig"; path = "Pods/Target Support Files/Pods-WeizeZnacht/Pods-WeizeZnacht.debug.xcconfig"; sourceTree = "<group>"; };
		916BCC7BC92E81C17074E796 /* libPods-WeizeZnacht.a */ = {isa = PBXFileReference; explicitFileType = archive.ar; includeInIndex = 0; path = "libPods-WeizeZnacht.a"; sourceTree = BUILT_PRODUCTS_DIR; };
		A9BE5BB51EF6856200B47EF1 /* WeizeZnacht.app */ = {isa = PBXFileReference; explicitFileType = wrapper.application; includeInIndex = 0; path = WeizeZnacht.app; sourceTree = BUILT_PRODUCTS_DIR; };
		A9BE5BB81EF6856200B47EF1 /* AppDelegate.swift */ = {isa = PBXFileReference; lastKnownFileType = sourcecode.swift; path = AppDelegate.swift; sourceTree = "<group>"; };
		A9BE5BBA1EF6856200B47EF1 /* FirstViewController.swift */ = {isa = PBXFileReference; lastKnownFileType = sourcecode.swift; path = FirstViewController.swift; sourceTree = "<group>"; };
		A9BE5BBC1EF6856200B47EF1 /* SecondViewController.swift */ = {isa = PBXFileReference; lastKnownFileType = sourcecode.swift; path = SecondViewController.swift; sourceTree = "<group>"; };
		A9BE5BBF1EF6856200B47EF1 /* Base */ = {isa = PBXFileReference; lastKnownFileType = file.storyboard; name = Base; path = Base.lproj/Main.storyboard; sourceTree = "<group>"; };
		A9BE5BC11EF6856200B47EF1 /* Assets.xcassets */ = {isa = PBXFileReference; lastKnownFileType = folder.assetcatalog; path = Assets.xcassets; sourceTree = "<group>"; };
		A9BE5BC41EF6856200B47EF1 /* Base */ = {isa = PBXFileReference; lastKnownFileType = file.storyboard; name = Base; path = Base.lproj/LaunchScreen.storyboard; sourceTree = "<group>"; };
		A9BE5BC61EF6856200B47EF1 /* Info.plist */ = {isa = PBXFileReference; lastKnownFileType = text.plist.xml; path = Info.plist; sourceTree = "<group>"; };
		F19476B993F721DD6F488BDA /* Pods-WeizeZnacht.release.xcconfig */ = {isa = PBXFileReference; includeInIndex = 1; lastKnownFileType = text.xcconfig; name = "Pods-WeizeZnacht.release.xcconfig"; path = "Pods/Target Support Files/Pods-WeizeZnacht/Pods-WeizeZnacht.release.xcconfig"; sourceTree = "<group>"; };
/* End PBXFileReference section */

/* Begin PBXFrameworksBuildPhase section */
		A9BE5BB21EF6856200B47EF1 /* Frameworks */ = {
			isa = PBXFrameworksBuildPhase;
			buildActionMask = 2147483647;
			files = (
				A41E3258915C8E0EE3F98C63 /* libPods-WeizeZnacht.a in Frameworks */,
			);
			runOnlyForDeploymentPostprocessing = 0;
		};
/* End PBXFrameworksBuildPhase section */

/* Begin PBXGroup section */
		696200CBCCE9BAAA024ACF59 /* Pods */ = {
			isa = PBXGroup;
			children = (
				804FC81FDCD8D1E2386B4AF7 /* Pods-WeizeZnacht.debug.xcconfig */,
				F19476B993F721DD6F488BDA /* Pods-WeizeZnacht.release.xcconfig */,
			);
			name = Pods;
			sourceTree = "<group>";
		};
		7321CD54E92DFF86EE14D2C1 /* Frameworks */ = {
			isa = PBXGroup;
			children = (
				916BCC7BC92E81C17074E796 /* libPods-WeizeZnacht.a */,
			);
			name = Frameworks;
			sourceTree = "<group>";
		};
		A9BE5BAC1EF6856200B47EF1 = {
			isa = PBXGroup;
			children = (
				70AF40681EF68EE0001A9665 /* Podfile */,
				A9BE5BB71EF6856200B47EF1 /* WeizeZnacht */,
				A9BE5BB61EF6856200B47EF1 /* Products */,
				696200CBCCE9BAAA024ACF59 /* Pods */,
				7321CD54E92DFF86EE14D2C1 /* Frameworks */,
			);
			sourceTree = "<group>";
		};
		A9BE5BB61EF6856200B47EF1 /* Products */ = {
			isa = PBXGroup;
			children = (
				A9BE5BB51EF6856200B47EF1 /* WeizeZnacht.app */,
			);
			name = Products;
			sourceTree = "<group>";
		};
		A9BE5BB71EF6856200B47EF1 /* WeizeZnacht */ = {
			isa = PBXGroup;
			children = (
				A9BE5BB81EF6856200B47EF1 /* AppDelegate.swift */,
				A9BE5BBA1EF6856200B47EF1 /* FirstViewController.swift */,
				A9BE5BBC1EF6856200B47EF1 /* SecondViewController.swift */,
				A9BE5BBE1EF6856200B47EF1 /* Main.storyboard */,
				A9BE5BC11EF6856200B47EF1 /* Assets.xcassets */,
				A9BE5BC31EF6856200B47EF1 /* LaunchScreen.storyboard */,
				A9BE5BC61EF6856200B47EF1 /* Info.plist */,
			);
			path = WeizeZnacht;
			sourceTree = "<group>";
		};
/* End PBXGroup section */

/* Begin PBXNativeTarget section */
		A9BE5BB41EF6856200B47EF1 /* WeizeZnacht */ = {
			isa = PBXNativeTarget;
			buildConfigurationList = A9BE5BC91EF6856300B47EF1 /* Build configuration list for PBXNativeTarget "WeizeZnacht" */;
			buildPhases = (
				340776D67E6960F8C444F0B1 /* [CP] Check Pods Manifest.lock */,
				A9BE5BB11EF6856200B47EF1 /* Sources */,
				A9BE5BB21EF6856200B47EF1 /* Frameworks */,
				A9BE5BB31EF6856200B47EF1 /* Resources */,
				548E9D79501F292FA7717C78 /* [CP] Embed Pods Frameworks */,
				A2A5AB05626678A59F40FCB6 /* [CP] Copy Pods Resources */,
			);
			buildRules = (
			);
			dependencies = (
			);
			name = WeizeZnacht;
			productName = WeizeZnacht;
			productReference = A9BE5BB51EF6856200B47EF1 /* WeizeZnacht.app */;
			productType = "com.apple.product-type.application";
		};
/* End PBXNativeTarget section */

/* Begin PBXProject section */
		A9BE5BAD1EF6856200B47EF1 /* Project object */ = {
			isa = PBXProject;
			attributes = {
				LastSwiftUpdateCheck = 0830;
				LastUpgradeCheck = 0830;
				ORGANIZATIONNAME = Weizenclub;
				TargetAttributes = {
					A9BE5BB41EF6856200B47EF1 = {
						CreatedOnToolsVersion = 8.3.3;
						DevelopmentTeam = V5QNM5ZAW9;
						ProvisioningStyle = Automatic;
					};
				};
			};
			buildConfigurationList = A9BE5BB01EF6856200B47EF1 /* Build configuration list for PBXProject "WeizeZnacht" */;
			compatibilityVersion = "Xcode 3.2";
			developmentRegion = English;
			hasScannedForEncodings = 0;
			knownRegions = (
				en,
				Base,
			);
			mainGroup = A9BE5BAC1EF6856200B47EF1;
			productRefGroup = A9BE5BB61EF6856200B47EF1 /* Products */;
			projectDirPath = "";
			projectRoot = "";
			targets = (
				A9BE5BB41EF6856200B47EF1 /* WeizeZnacht */,
			);
		};
/* End PBXProject section */

/* Begin PBXResourcesBuildPhase section */
		A9BE5BB31EF6856200B47EF1 /* Resources */ = {
			isa = PBXResourcesBuildPhase;
			buildActionMask = 2147483647;
			files = (
				A9BE5BC51EF6856200B47EF1 /* LaunchScreen.storyboard in Resources */,
				A9BE5BC21EF6856200B47EF1 /* Assets.xcassets in Resources */,
				70AF40691EF68EE0001A9665 /* Podfile in Resources */,
				A9BE5BC01EF6856200B47EF1 /* Main.storyboard in Resources */,
			);
			runOnlyForDeploymentPostprocessing = 0;
		};
/* End PBXResourcesBuildPhase section */

/* Begin PBXShellScriptBuildPhase section */
		340776D67E6960F8C444F0B1 /* [CP] Check Pods Manifest.lock */ = {
			isa = PBXShellScriptBuildPhase;
			buildActionMask = 2147483647;
			files = (
			);
			inputPaths = (
			);
			name = "[CP] Check Pods Manifest.lock";
			outputPaths = (
			);
			runOnlyForDeploymentPostprocessing = 0;
			shellPath = /bin/sh;
			shellScript = "diff \"${PODS_ROOT}/../Podfile.lock\" \"${PODS_ROOT}/Manifest.lock\" > /dev/null\nif [ $? != 0 ] ; then\n    # print error to STDERR\n    echo \"error: The sandbox is not in sync with the Podfile.lock. Run 'pod install' or update your CocoaPods installation.\" >&2\n    exit 1\nfi\n";
			showEnvVarsInLog = 0;
		};
		548E9D79501F292FA7717C78 /* [CP] Embed Pods Frameworks */ = {
			isa = PBXShellScriptBuildPhase;
			buildActionMask = 2147483647;
			files = (
			);
			inputPaths = (
			);
			name = "[CP] Embed Pods Frameworks";
			outputPaths = (
			);
			runOnlyForDeploymentPostprocessing = 0;
			shellPath = /bin/sh;
			shellScript = "\"${SRCROOT}/Pods/Target Support Files/Pods-WeizeZnacht/Pods-WeizeZnacht-frameworks.sh\"\n";
			showEnvVarsInLog = 0;
		};
		A2A5AB05626678A59F40FCB6 /* [CP] Copy Pods Resources */ = {
			isa = PBXShellScriptBuildPhase;
			buildActionMask = 2147483647;
			files = (
			);
			inputPaths = (
			);
			name = "[CP] Copy Pods Resources";
			outputPaths = (
			);
			runOnlyForDeploymentPostprocessing = 0;
			shellPath = /bin/sh;
			shellScript = "\"${SRCROOT}/Pods/Target Support Files/Pods-WeizeZnacht/Pods-WeizeZnacht-resources.sh\"\n";
			showEnvVarsInLog = 0;
		};
/* End PBXShellScriptBuildPhase section */

/* Begin PBXSourcesBuildPhase section */
		A9BE5BB11EF6856200B47EF1 /* Sources */ = {
			isa = PBXSourcesBuildPhase;
			buildActionMask = 2147483647;
			files = (
				A9BE5BBD1EF6856200B47EF1 /* SecondViewController.swift in Sources */,
				A9BE5BB91EF6856200B47EF1 /* AppDelegate.swift in Sources */,
				A9BE5BBB1EF6856200B47EF1 /* FirstViewController.swift in Sources */,
			);
			runOnlyForDeploymentPostprocessing = 0;
		};
/* End PBXSourcesBuildPhase section */

/* Begin PBXVariantGroup section */
		A9BE5BBE1EF6856200B47EF1 /* Main.storyboard */ = {
			isa = PBXVariantGroup;
			children = (
				A9BE5BBF1EF6856200B47EF1 /* Base */,
			);
			name = Main.storyboard;
			sourceTree = "<group>";
		};
		A9BE5BC31EF6856200B47EF1 /* LaunchScreen.storyboard */ = {
			isa = PBXVariantGroup;
			children = (
				A9BE5BC41EF6856200B47EF1 /* Base */,
			);
			name = LaunchScreen.storyboard;
			sourceTree = "<group>";
		};
/* End PBXVariantGroup section */

/* Begin XCBuildConfiguration section */
		A9BE5BC71EF6856200B47EF1 /* Debug */ = {
			isa = XCBuildConfiguration;
			buildSettings = {
				ALWAYS_SEARCH_USER_PATHS = NO;
				CLANG_ANALYZER_NONNULL = YES;
				CLANG_ANALYZER_NUMBER_OBJECT_CONVERSION = YES_AGGRESSIVE;
				CLANG_CXX_LANGUAGE_STANDARD = "gnu++0x";
				CLANG_CXX_LIBRARY = "libc++";
				CLANG_ENABLE_MODULES = YES;
				CLANG_ENABLE_OBJC_ARC = YES;
				CLANG_WARN_BOOL_CONVERSION = YES;
				CLANG_WARN_CONSTANT_CONVERSION = YES;
				CLANG_WARN_DIRECT_OBJC_ISA_USAGE = YES_ERROR;
				CLANG_WARN_DOCUMENTATION_COMMENTS = YES;
				CLANG_WARN_EMPTY_BODY = YES;
				CLANG_WARN_ENUM_CONVERSION = YES;
				CLANG_WARN_INFINITE_RECURSION = YES;
				CLANG_WARN_INT_CONVERSION = YES;
				CLANG_WARN_OBJC_ROOT_CLASS = YES_ERROR;
				CLANG_WARN_SUSPICIOUS_MOVE = YES;
				CLANG_WARN_UNREACHABLE_CODE = YES;
				CLANG_WARN__DUPLICATE_METHOD_MATCH = YES;
				"CODE_SIGN_IDENTITY[sdk=iphoneos*]" = "iPhone Developer";
				COPY_PHASE_STRIP = NO;
				DEBUG_INFORMATION_FORMAT = dwarf;
				ENABLE_STRICT_OBJC_MSGSEND = YES;
				ENABLE_TESTABILITY = YES;
				GCC_C_LANGUAGE_STANDARD = gnu99;
				GCC_DYNAMIC_NO_PIC = NO;
				GCC_NO_COMMON_BLOCKS = YES;
				GCC_OPTIMIZATION_LEVEL = 0;
				GCC_PREPROCESSOR_DEFINITIONS = (
					"DEBUG=1",
					"$(inherited)",
				);
				GCC_WARN_64_TO_32_BIT_CONVERSION = YES;
				GCC_WARN_ABOUT_RETURN_TYPE = YES_ERROR;
				GCC_WARN_UNDECLARED_SELECTOR = YES;
				GCC_WARN_UNINITIALIZED_AUTOS = YES_AGGRESSIVE;
				GCC_WARN_UNUSED_FUNCTION = YES;
				GCC_WARN_UNUSED_VARIABLE = YES;
				IPHONEOS_DEPLOYMENT_TARGET = 10.3;
				MTL_ENABLE_DEBUG_INFO = YES;
				ONLY_ACTIVE_ARCH = YES;
				SDKROOT = iphoneos;
				SWIFT_ACTIVE_COMPILATION_CONDITIONS = DEBUG;
				SWIFT_OPTIMIZATION_LEVEL = "-Onone";
			};
			name = Debug;
		};
		A9BE5BC81EF6856200B47EF1 /* Release */ = {
			isa = XCBuildConfiguration;
			buildSettings = {
				ALWAYS_SEARCH_USER_PATHS = NO;
				CLANG_ANALYZER_NONNULL = YES;
				CLANG_ANALYZER_NUMBER_OBJECT_CONVERSION = YES_AGGRESSIVE;
				CLANG_CXX_LANGUAGE_STANDARD = "gnu++0x";
				CLANG_CXX_LIBRARY = "libc++";
				CLANG_ENABLE_MODULES = YES;
				CLANG_ENABLE_OBJC_ARC = YES;
				CLANG_WARN_BOOL_CONVERSION = YES;
				CLANG_WARN_CONSTANT_CONVERSION = YES;
				CLANG_WARN_DIRECT_OBJC_ISA_USAGE = YES_ERROR;
				CLANG_WARN_DOCUMENTATION_COMMENTS = YES;
				CLANG_WARN_EMPTY_BODY = YES;
				CLANG_WARN_ENUM_CONVERSION = YES;
				CLANG_WARN_INFINITE_RECURSION = YES;
				CLANG_WARN_INT_CONVERSION = YES;
				CLANG_WARN_OBJC_ROOT_CLASS = YES_ERROR;
				CLANG_WARN_SUSPICIOUS_MOVE = YES;
				CLANG_WARN_UNREACHABLE_CODE = YES;
				CLANG_WARN__DUPLICATE_METHOD_MATCH = YES;
				"CODE_SIGN_IDENTITY[sdk=iphoneos*]" = "iPhone Developer";
				COPY_PHASE_STRIP = NO;
				DEBUG_INFORMATION_FORMAT = "dwarf-with-dsym";
				ENABLE_NS_ASSERTIONS = NO;
				ENABLE_STRICT_OBJC_MSGSEND = YES;
				GCC_C_LANGUAGE_STANDARD = gnu99;
				GCC_NO_COMMON_BLOCKS = YES;
				GCC_WARN_64_TO_32_BIT_CONVERSION = YES;
				GCC_WARN_ABOUT_RETURN_TYPE = YES_ERROR;
				GCC_WARN_UNDECLARED_SELECTOR = YES;
				GCC_WARN_UNINITIALIZED_AUTOS = YES_AGGRESSIVE;
				GCC_WARN_UNUSED_FUNCTION = YES;
				GCC_WARN_UNUSED_VARIABLE = YES;
				IPHONEOS_DEPLOYMENT_TARGET = 10.3;
				MTL_ENABLE_DEBUG_INFO = NO;
				SDKROOT = iphoneos;
				SWIFT_OPTIMIZATION_LEVEL = "-Owholemodule";
				VALIDATE_PRODUCT = YES;
			};
			name = Release;
		};
		A9BE5BCA1EF6856300B47EF1 /* Debug */ = {
			isa = XCBuildConfiguration;
			baseConfigurationReference = 804FC81FDCD8D1E2386B4AF7 /* Pods-WeizeZnacht.debug.xcconfig */;
			buildSettings = {
				ASSETCATALOG_COMPILER_APPICON_NAME = AppIcon;
				DEVELOPMENT_TEAM = V5QNM5ZAW9;
				INFOPLIST_FILE = WeizeZnacht/Info.plist;
				LD_RUNPATH_SEARCH_PATHS = "$(inherited) @executable_path/Frameworks";
				PRODUCT_BUNDLE_IDENTIFIER = com.weizenclub.WeizeZnacht;
				PRODUCT_NAME = "$(TARGET_NAME)";
				SWIFT_VERSION = 3.0;
			};
			name = Debug;
		};
		A9BE5BCB1EF6856300B47EF1 /* Release */ = {
			isa = XCBuildConfiguration;
			baseConfigurationReference = F19476B993F721DD6F488BDA /* Pods-WeizeZnacht.release.xcconfig */;
			buildSettings = {
				ASSETCATALOG_COMPILER_APPICON_NAME = AppIcon;
				DEVELOPMENT_TEAM = V5QNM5ZAW9;
				INFOPLIST_FILE = WeizeZnacht/Info.plist;
				LD_RUNPATH_SEARCH_PATHS = "$(inherited) @executable_path/Frameworks";
				PRODUCT_BUNDLE_IDENTIFIER = com.weizenclub.WeizeZnacht;
				PRODUCT_NAME = "$(TARGET_NAME)";
				SWIFT_VERSION = 3.0;
			};
			name = Release;
		};
/* End XCBuildConfiguration section */

/* Begin XCConfigurationList section */
		A9BE5BB01EF6856200B47EF1 /* Build configuration list for PBXProject "WeizeZnacht" */ = {
			isa = XCConfigurationList;
			buildConfigurations = (
				A9BE5BC71EF6856200B47EF1 /* Debug */,
				A9BE5BC81EF6856200B47EF1 /* Release */,
			);
			defaultConfigurationIsVisible = 0;
			defaultConfigurationName = Release;
		};
		A9BE5BC91EF6856300B47EF1 /* Build configuration list for PBXNativeTarget "WeizeZnacht" */ = {
			isa = XCConfigurationList;
			buildConfigurations = (
				A9BE5BCA1EF6856300B47EF1 /* Debug */,
				A9BE5BCB1EF6856300B47EF1 /* Release */,
			);
			defaultConfigurationIsVisible = 0;
			defaultConfigurationName = Release;
		};
/* End XCConfigurationList section */
	};
	rootObject = A9BE5BAD1EF6856200B47EF1 /* Project object */;
}
